
Microsoft Visual Studio Solution File, Format Version 12.00
# Visual Studio Version 17
VisualStudioVersion = 17.14.37314.3
MinimumVisualStudioVersion = 10.0.40219.1
Project("{8BC9CEB8-8B4A-11D0-8D11-00A0C91BC942}") = "02-NeuralNetworks", "02-NeuralNetworks\NeuralNetworksInCpp.vcxproj", "{9AB2CA15-EFC5-4A96-BD17-73ADD654A8CA}"
EndProject
Project("{8BC9CEB8-8B4A-11D0-8D11-00A0C91BC942}") = "01-Neuron", "01-Neuron\Neuron.vcxproj", "{DCBBB25A-D854-4DAE-96AE-BC3BB956ED6A}"
EndProject
Project("{8BC9CEB8-8B4A-11D0-8D11-00A0C91BC942}") = "03-FeedForwardNeuralNetwork", "03-FeedForward\03-FeedForward.vcxproj", "{4B433EA4-0136-45D8-B8D0-78F2179C553A}"
EndProject
Project("{8BC9CEB8-8B4A-11D0-8D11-00A0C91BC942}") = "04-xor-gate-model", "04-xor-gate-model\ML-XOR.vcxproj", "{2A4A9581-B103-437A-9BED-0FE1CAB0834C}"
EndProject
Project("{8BC9CEB8-8B4A-11D0-8D11-00A0C91BC942}") = "05-and-gate-model", "05-and-gate-model\and-gate-model.vcxproj", "{53F9CA2E-773C-4D79-A2FF-489E237639F3}"
EndProject
Project("{8BC9CEB8-8B4A-11D0-8D11-00A0C91BC942}") = "06-iris-classification", "06-iris-classification\06-iris-classification.vcxproj", "{6CE2254C-063B-4012-9DED-961A2DA2F26E}"
EndProject
Project("{8BC9CEB8-8B4A-11D0-8D11-00A0C91BC942}") = "07-wine-classification", "07-wine-classification\07-wine-classification.vcxproj", "{67BE2DBB-7411-40A9-8F6C-B0F09C4EEB09}"
EndProject
Global
	GlobalSection(SolutionConfigurationPlatforms) = preSolution
		Debug|x64 = Debug|x64
		Debug|x86 = Debug|x86
		Release|x64 = Release|x64
		Release|x86 = Release|x86
	EndGlobalSection
	GlobalSection(ProjectConfigurationPlatforms) = postSolution
		{9AB2CA15-EFC5-4A96-BD17-73ADD654A8CA}.Debug|x64.ActiveCfg = Debug|x64
		{9AB2CA15-EFC5-4A96-BD17-73ADD654A8CA}.Debug|x64.Build.0 = Debug|x64
		{9AB2CA15-EFC5-4A96-BD17-73ADD654A8CA}.Debug|x86.ActiveCfg = Debug|Win32
		{9AB2CA15-EFC5-4A96-BD17-73ADD654A8CA}.Debug|x86.Build.0 = Debug|Win32
		{9AB2CA15-EFC5-4A96-BD17-73ADD654A8CA}.Release|x64.ActiveCfg = Release|x64
		{9AB2CA15-EFC5-4A96-BD17-73ADD654A8CA}.Release|x64.Build.0 = Release|x64
		{9AB2CA15-EFC5-4A96-BD17-73ADD654A8CA}.Release|x86.ActiveCfg = Release|Win32
		{9AB2CA15-EFC5-4A96-BD17-73ADD654A8CA}.Release|x86.Build.0 = Release|Win32
		{DCBBB25A-D854-4DAE-96AE-BC3BB956ED6A}.Debug|x64.ActiveCfg = Debug|x64
		{DCBBB25A-D854-4DAE-96AE-BC3BB956ED6A}.Debug|x64.Build.0 = Debug|x64
		{DCBBB25A-D854-4DAE-96AE-BC3BB956ED6A}.Debug|x86.ActiveCfg = Debug|Win32
		{DCBBB25A-D854-4DAE-96AE-BC3BB956ED6A}.Debug|x86.Build.0 = Debug|Win32
		{DCBBB25A-D854-4DAE-96AE-BC3BB956ED6A}.Release|x64.ActiveCfg = Release|x64
		{DCBBB25A-D854-4DAE-96AE-BC3BB956ED6A}.Release|x64.Build.0 = Release|x64
		{DCBBB25A-D854-4DAE-96AE-BC3BB956ED6A}.Release|x86.ActiveCfg = Release|Win32
		{DCBBB25A-D854-4DAE-96AE-BC3BB956ED6A}.Release|x86.Build.0 = Release|Win32
		{4B433EA4-0136-45D8-B8D0-78F2179C553A}.Debug|x64.ActiveCfg = Debug|x64
		{4B433EA4-0136-45D8-B8D0-78F2179C553A}.Debug|x64.Build.0 = Debug|x64
		{4B433EA4-0136-45D8-B8D0-78F2179C553A}.Debug|x86.ActiveCfg = Debug|Win32
		{4B433EA4-0136-45D8-B8D0-78F2179C553A}.Debug|x86.Build.0 = Debug|Win32
		{4B433EA4-0136-45D8-B8D0-78F2179C553A}.Release|x64.ActiveCfg = Release|x64
		{4B433EA4-0136-45D8-B8D0-78F2179C553A}.Release|x64.Build.0 = Release|x64
		{4B433EA4-0136-45D8-B8D0-78F2179C553A}.Release|x86.ActiveCfg = Release|Win32
		{4B433EA4-0136-45D8-B8D0-78F2179C553A}.Release|x86.Build.0 = Release|Win32
		{2A4A9581-B103-437A-9BED-0FE1CAB0834C}.Debug|x64.ActiveCfg = Debug|x64
		{2A4A9581-B103-437A-9BED-0FE1CAB0834C}.Debug|x64.Build.0 = Debug|x64
		{2A4A9581-B103-437A-9BED-0FE1CAB0834C}.Debug|x86.ActiveCfg = Debug|Win32
		{2A4A9581-B103-437A-9BED-0FE1CAB0834C}.Debug|x86.Build.0 = Debug|Win32
		{2A4A9581-B103-437A-9BED-0FE1CAB0834C}.Release|x64.ActiveCfg = Release|x64
		{2A4A9581-B103-437A-9BED-0FE1CAB0834C}.Release|x64.Build.0 = Release|x64
		{2A4A9581-B103-437A-9BED-0FE1CAB0834C}.Release|x86.ActiveCfg = Release|Win32
		{2A4A9581-B103-437A-9BED-0FE1CAB0834C}.Release|x86.Build.0 = Release|Win32
		{53F9CA2E-773C-4D79-A2FF-489E237639F3}.Debug|x64.ActiveCfg = Debug|x64
		{53F9CA2E-773C-4D79-A2FF-489E237639F3}.Debug|x64.Build.0 = Debug|x64
		{53F9CA2E-773C-4D79-A2FF-489E237639F3}.Debug|x86.ActiveCfg = Debug|Win32
		{53F9CA2E-773C-4D79-A2FF-489E237639F3}.Debug|x86.Build.0 = Debug|Win32
		{53F9CA2E-773C-4D79-A2FF-489E237639F3}.Release|x64.ActiveCfg = Release|x64
		{53F9CA2E-773C-4D79-A2FF-489E237639F3}.Release|x64.Build.0 = Release|x64
		{53F9CA2E-773C-4D79-A2FF-489E237639F3}.Release|x86.ActiveCfg = Release|Win32
		{53F9CA2E-773C-4D79-A2FF-489E237639F3}.Release|x86.Build.0 = Release|Win32
		{6CE2254C-063B-4012-9DED-961A2DA2F26E}.Debug|x64.ActiveCfg = Debug|x64
		{6CE2254C-063B-4012-9DED-961A2DA2F26E}.Debug|x64.Build.0 = Debug|x64
		{6CE2254C-063B-4012-9DED-961A2DA2F26E}.Debug|x86.ActiveCfg = Debug|Win32
		{6CE2254C-063B-4012-9DED-961A2DA2F26E}.Debug|x86.Build.0 = Debug|Win32
		{6CE2254C-063B-4012-9DED-961A2DA2F26E}.Release|x64.ActiveCfg = Release|x64
		{6CE2254C-063B-4012-9DED-961A2DA2F26E}.Release|x64.Build.0 = Release|x64
		{6CE2254C-063B-4012-9DED-961A2DA2F26E}.Release|x86.ActiveCfg = Release|Win32
		{6CE2254C-063B-4012-9DED-961A2DA2F26E}.Release|x86.Build.0 = Release|Win32
		{67BE2DBB-7411-40A9-8F6C-B0F09C4EEB09}.Debug|x64.ActiveCfg = Debug|x64
		{67BE2DBB-7411-40A9-8F6C-B0F09C4EEB09}.Debug|x64.Build.0 = Debug|x64
		{67BE2DBB-7411-40A9-8F6C-B0F09C4EEB09}.Debug|x86.ActiveCfg = Debug|Win32
		{67BE2DBB-7411-40A9-8F6C-B0F09C4EEB09}.Debug|x86.Build.0 = Debug|Win32
		{67BE2DBB-7411-40A9-8F6C-B0F09C4EEB09}.Release|x64.ActiveCfg = Release|x64
		{67BE2DBB-7411-40A9-8F6C-B0F09C4EEB09}.Release|x64.Build.0 = Release|x64
		{67BE2DBB-7411-40A9-8F6C-B0F09C4EEB09}.Release|x86.ActiveCfg = Release|Win32
		{67BE2DBB-7411-40A9-8F6C-B0F09C4EEB09}.Release|x86.Build.0 = Release|Win32
	EndGlobalSection
	GlobalSection(SolutionProperties) = preSolution
		HideSolutionNode = FALSE
	EndGlobalSection
	GlobalSection(ExtensibilityGlobals) = postSolution
		SolutionGuid = {EA0451F9-747B-470F-AA81-9BD4BC9D6844}
	EndGlobalSection
EndGlobal
